
Microsoft Visual Studio Solution File, Format Version 12.00
# Visual Studio Version 17
VisualStudioVersion = 17.3.32825.248
MinimumVisualStudioVersion = 10.0.40219.1
Project("{FAE04EC0-301F-11D3-BF4B-00C04F79EFBC}") = "ModelAgency-Api", "ModelAgency-Api\ModelAgency-Api.csproj", "{EE1E07A5-2BBE-4278-A92C-30D0B2CA6977}"
EndProject
Global
	GlobalSection(SolutionConfigurationPlatforms) = preSolution
		Debug|Any CPU = Debug|Any CPU
		Release|Any CPU = Release|Any CPU
	EndGlobalSection
	GlobalSection(ProjectConfigurationPlatforms) = postSolution
		{EE1E07A5-2BBE-4278-A92C-30D0B2CA6977}.Debug|Any CPU.ActiveCfg = Debug|Any CPU
		{EE1E07A5-2BBE-4278-A92C-30D0B2CA6977}.Debug|Any CPU.Build.0 = Debug|Any CPU
		{EE1E07A5-2BBE-4278-A92C-30D0B2CA6977}.Release|Any CPU.ActiveCfg = Release|Any CPU
		{EE1E07A5-2BBE-4278-A92C-30D0B2CA6977}.Release|Any CPU.Build.0 = Release|Any CPU
	EndGlobalSection
	GlobalSection(SolutionProperties) = preSolution
		HideSolutionNode = FALSE
	EndGlobalSection
	GlobalSection(ExtensibilityGlobals) = postSolution
		SolutionGuid = {C4F50CD2-DB59-4ED8-9C82-F1CB50038736}
	EndGlobalSection
EndGlobal
